{
  "originHash" : "f93d188d031bb1449600942131d51de02338a89646d5af58e0c61d5c883aaff8",
  "pins" : [
    {
      "identity" : "swift-wiringpi",
      "kind" : "remoteSourceControl",
      "location" : "https://github.com/fizker/swift-wiringpi.git",
      "state" : {
        "revision" : "1265633d28003833865fec17651fb3fa814d8fb9",
        "version" : "0.1.0"
      }
    }
  ],
  "version" : 3
}
