{
  "object": {
    "pins": [
      {
        "package": "SwiftyGPIO",
        "repositoryURL": "https://github.com/fizker/SwiftyGPIO.git",
        "state": {
          "branch": null,
          "revision": "089f1270ac24f45985fe720cd6a2699dd3adf185",
          "version": "1.4.5-unwrap-optionals"
        }
      }
    ]
  },
  "version": 1
}
