{
  "originHash" : "551ac2c9ba203d520364c225bc8aba0724691f0435f3bdc83f2d82accd776fc5",
  "pins" : [
    {
      "identity" : "swift-wiringpi",
      "kind" : "remoteSourceControl",
      "location" : "https://github.com/fizker/swift-wiringpi.git",
      "state" : {
        "branch" : "main",
        "revision" : "06bf91981a598df2474e9bd4396611b4ed159f66"
      }
    }
  ],
  "version" : 3
}
